
Microsoft Visual Studio Solution File, Format Version 12.00
# Visual Studio Version 17
Project("{8BC9CEB8-8B4A-11D0-8D11-00A0C91BC942}") = "ALL_BUILD", "ALL_BUILD.vcxproj", "{09739FA3-F064-3D25-A26E-2236180869AC}"
	ProjectSection(ProjectDependencies) = postProject
		{D6F997C5-3D95-3539-807E-EB43447C587D} = {D6F997C5-3D95-3539-807E-EB43447C587D}
		{2C98E72F-20CE-3051-B53F-7EA794CAF7A7} = {2C98E72F-20CE-3051-B53F-7EA794CAF7A7}
		{F6FED48F-F57D-348B-A4E3-4CBD795D3813} = {F6FED48F-F57D-348B-A4E3-4CBD795D3813}
		{9F639EB8-8CF1-3E28-BA13-28D75DEB80C6} = {9F639EB8-8CF1-3E28-BA13-28D75DEB80C6}
	EndProjectSection
EndProject
Project("{8BC9CEB8-8B4A-11D0-8D11-00A0C91BC942}") = "Engine", "src\Engine.vcxproj", "{D6F997C5-3D95-3539-807E-EB43447C587D}"
	ProjectSection(ProjectDependencies) = postProject
		{9F639EB8-8CF1-3E28-BA13-28D75DEB80C6} = {9F639EB8-8CF1-3E28-BA13-28D75DEB80C6}
	EndProjectSection
EndProject
Project("{8BC9CEB8-8B4A-11D0-8D11-00A0C91BC942}") = "Orbital", "orbital\Orbital.vcxproj", "{2C98E72F-20CE-3051-B53F-7EA794CAF7A7}"
	ProjectSection(ProjectDependencies) = postProject
		{D6F997C5-3D95-3539-807E-EB43447C587D} = {D6F997C5-3D95-3539-807E-EB43447C587D}
		{9F639EB8-8CF1-3E28-BA13-28D75DEB80C6} = {9F639EB8-8CF1-3E28-BA13-28D75DEB80C6}
	EndProjectSection
EndProject
Project("{8BC9CEB8-8B4A-11D0-8D11-00A0C91BC942}") = "Shooter", "app\Shooter.vcxproj", "{F6FED48F-F57D-348B-A4E3-4CBD795D3813}"
	ProjectSection(ProjectDependencies) = postProject
		{D6F997C5-3D95-3539-807E-EB43447C587D} = {D6F997C5-3D95-3539-807E-EB43447C587D}
		{9F639EB8-8CF1-3E28-BA13-28D75DEB80C6} = {9F639EB8-8CF1-3E28-BA13-28D75DEB80C6}
	EndProjectSection
EndProject
Project("{8BC9CEB8-8B4A-11D0-8D11-00A0C91BC942}") = "ZERO_CHECK", "ZERO_CHECK.vcxproj", "{9F639EB8-8CF1-3E28-BA13-28D75DEB80C6}"
	ProjectSection(ProjectDependencies) = postProject
	EndProjectSection
EndProject
Global
	GlobalSection(SolutionConfigurationPlatforms) = preSolution
		Debug|x64 = Debug|x64
		Release|x64 = Release|x64
		MinSizeRel|x64 = MinSizeRel|x64
		RelWithDebInfo|x64 = RelWithDebInfo|x64
	EndGlobalSection
	GlobalSection(ProjectConfigurationPlatforms) = postSolution
		{09739FA3-F064-3D25-A26E-2236180869AC}.Debug|x64.ActiveCfg = Debug|x64
		{09739FA3-F064-3D25-A26E-2236180869AC}.Release|x64.ActiveCfg = Release|x64
		{09739FA3-F064-3D25-A26E-2236180869AC}.MinSizeRel|x64.ActiveCfg = MinSizeRel|x64
		{09739FA3-F064-3D25-A26E-2236180869AC}.RelWithDebInfo|x64.ActiveCfg = RelWithDebInfo|x64
		{D6F997C5-3D95-3539-807E-EB43447C587D}.Debug|x64.ActiveCfg = Debug|x64
		{D6F997C5-3D95-3539-807E-EB43447C587D}.Debug|x64.Build.0 = Debug|x64
		{D6F997C5-3D95-3539-807E-EB43447C587D}.Release|x64.ActiveCfg = Release|x64
		{D6F997C5-3D95-3539-807E-EB43447C587D}.Release|x64.Build.0 = Release|x64
		{D6F997C5-3D95-3539-807E-EB43447C587D}.MinSizeRel|x64.ActiveCfg = MinSizeRel|x64
		{D6F997C5-3D95-3539-807E-EB43447C587D}.MinSizeRel|x64.Build.0 = MinSizeRel|x64
		{D6F997C5-3D95-3539-807E-EB43447C587D}.RelWithDebInfo|x64.ActiveCfg = RelWithDebInfo|x64
		{D6F997C5-3D95-3539-807E-EB43447C587D}.RelWithDebInfo|x64.Build.0 = RelWithDebInfo|x64
		{2C98E72F-20CE-3051-B53F-7EA794CAF7A7}.Debug|x64.ActiveCfg = Debug|x64
		{2C98E72F-20CE-3051-B53F-7EA794CAF7A7}.Debug|x64.Build.0 = Debug|x64
		{2C98E72F-20CE-3051-B53F-7EA794CAF7A7}.Release|x64.ActiveCfg = Release|x64
		{2C98E72F-20CE-3051-B53F-7EA794CAF7A7}.Release|x64.Build.0 = Release|x64
		{2C98E72F-20CE-3051-B53F-7EA794CAF7A7}.MinSizeRel|x64.ActiveCfg = MinSizeRel|x64
		{2C98E72F-20CE-3051-B53F-7EA794CAF7A7}.MinSizeRel|x64.Build.0 = MinSizeRel|x64
		{2C98E72F-20CE-3051-B53F-7EA794CAF7A7}.RelWithDebInfo|x64.ActiveCfg = RelWithDebInfo|x64
		{2C98E72F-20CE-3051-B53F-7EA794CAF7A7}.RelWithDebInfo|x64.Build.0 = RelWithDebInfo|x64
		{F6FED48F-F57D-348B-A4E3-4CBD795D3813}.Debug|x64.ActiveCfg = Debug|x64
		{F6FED48F-F57D-348B-A4E3-4CBD795D3813}.Debug|x64.Build.0 = Debug|x64
		{F6FED48F-F57D-348B-A4E3-4CBD795D3813}.Release|x64.ActiveCfg = Release|x64
		{F6FED48F-F57D-348B-A4E3-4CBD795D3813}.Release|x64.Build.0 = Release|x64
		{F6FED48F-F57D-348B-A4E3-4CBD795D3813}.MinSizeRel|x64.ActiveCfg = MinSizeRel|x64
		{F6FED48F-F57D-348B-A4E3-4CBD795D3813}.MinSizeRel|x64.Build.0 = MinSizeRel|x64
		{F6FED48F-F57D-348B-A4E3-4CBD795D3813}.RelWithDebInfo|x64.ActiveCfg = RelWithDebInfo|x64
		{F6FED48F-F57D-348B-A4E3-4CBD795D3813}.RelWithDebInfo|x64.Build.0 = RelWithDebInfo|x64
		{9F639EB8-8CF1-3E28-BA13-28D75DEB80C6}.Debug|x64.ActiveCfg = Debug|x64
		{9F639EB8-8CF1-3E28-BA13-28D75DEB80C6}.Debug|x64.Build.0 = Debug|x64
		{9F639EB8-8CF1-3E28-BA13-28D75DEB80C6}.Release|x64.ActiveCfg = Release|x64
		{9F639EB8-8CF1-3E28-BA13-28D75DEB80C6}.Release|x64.Build.0 = Release|x64
		{9F639EB8-8CF1-3E28-BA13-28D75DEB80C6}.MinSizeRel|x64.ActiveCfg = MinSizeRel|x64
		{9F639EB8-8CF1-3E28-BA13-28D75DEB80C6}.MinSizeRel|x64.Build.0 = MinSizeRel|x64
		{9F639EB8-8CF1-3E28-BA13-28D75DEB80C6}.RelWithDebInfo|x64.ActiveCfg = RelWithDebInfo|x64
		{9F639EB8-8CF1-3E28-BA13-28D75DEB80C6}.RelWithDebInfo|x64.Build.0 = RelWithDebInfo|x64
	EndGlobalSection
	GlobalSection(ExtensibilityGlobals) = postSolution
		SolutionGuid = {61688834-78FD-3A4B-952B-A63F4248EE8E}
	EndGlobalSection
	GlobalSection(ExtensibilityAddIns) = postSolution
	EndGlobalSection
EndGlobal
